
Microsoft Visual Studio Solution File, Format Version 12.00
# Visual Studio 2013
VisualStudioVersion = 12.0.31101.0
MinimumVisualStudioVersion = 10.0.40219.1
Project("{FAE04EC0-301F-11D3-BF4B-00C04F79EFBC}") = "ConsoleApplication", "ConsoleApplication\ConsoleApplication.csproj", "{75F9DED5-AC1F-4A53-B6BC-DF8180164F77}"
EndProject
Project("{FAE04EC0-301F-11D3-BF4B-00C04F79EFBC}") = "Common", "..\..\src\Common\Common.csproj", "{44FB1FE0-1AAA-414C-9483-ECC0D144289B}"
EndProject
Global
	GlobalSection(TeamFoundationVersionControl) = preSolution
		SccNumberOfProjects = 3
		SccEnterpriseProvider = {4CA58AB2-18FA-4F8D-95D4-32DDF27D184C}
		SccTeamFoundationServer = https://tfs.codeplex.com/tfs/tfs36
		SccLocalPath0 = .
		SccProjectUniqueName1 = ConsoleApplication\\ConsoleApplication.csproj
		SccProjectName1 = ConsoleApplication
		SccLocalPath1 = ConsoleApplication
		SccProjectUniqueName2 = ..\\..\\src\\Common\\Common.csproj
		SccProjectName2 = ../../src/Common
		SccLocalPath2 = ..\\..\\src\\Common
	EndGlobalSection
	GlobalSection(SolutionConfigurationPlatforms) = preSolution
		Debug|Any CPU = Debug|Any CPU
		Release|Any CPU = Release|Any CPU
	EndGlobalSection
	GlobalSection(ProjectConfigurationPlatforms) = postSolution
		{75F9DED5-AC1F-4A53-B6BC-DF8180164F77}.Debug|Any CPU.ActiveCfg = Debug|Any CPU
		{75F9DED5-AC1F-4A53-B6BC-DF8180164F77}.Debug|Any CPU.Build.0 = Debug|Any CPU
		{75F9DED5-AC1F-4A53-B6BC-DF8180164F77}.Release|Any CPU.ActiveCfg = Release|Any CPU
		{75F9DED5-AC1F-4A53-B6BC-DF8180164F77}.Release|Any CPU.Build.0 = Release|Any CPU
		{44FB1FE0-1AAA-414C-9483-ECC0D144289B}.Debug|Any CPU.ActiveCfg = Debug|Any CPU
		{44FB1FE0-1AAA-414C-9483-ECC0D144289B}.Debug|Any CPU.Build.0 = Debug|Any CPU
		{44FB1FE0-1AAA-414C-9483-ECC0D144289B}.Release|Any CPU.ActiveCfg = Release|Any CPU
		{44FB1FE0-1AAA-414C-9483-ECC0D144289B}.Release|Any CPU.Build.0 = Release|Any CPU
	EndGlobalSection
	GlobalSection(SolutionProperties) = preSolution
		HideSolutionNode = FALSE
	EndGlobalSection
EndGlobal
